
Microsoft Visual Studio Solution File, Format Version 12.00
# Visual Studio 15
VisualStudioVersion = 15.0.27130.2027
MinimumVisualStudioVersion = 10.0.40219.1
Project("{FAE04EC0-301F-11D3-BF4B-00C04F79EFBC}") = "FinalExamination", "FinalExamination\FinalExamination.csproj", "{42A0B89A-865F-41FE-BF80-B1473970C973}"
EndProject
Global
	GlobalSection(SolutionConfigurationPlatforms) = preSolution
		Debug|Any CPU = Debug|Any CPU
		Release|Any CPU = Release|Any CPU
	EndGlobalSection
	GlobalSection(ProjectConfigurationPlatforms) = postSolution
		{42A0B89A-865F-41FE-BF80-B1473970C973}.Debug|Any CPU.ActiveCfg = Debug|Any CPU
		{42A0B89A-865F-41FE-BF80-B1473970C973}.Debug|Any CPU.Build.0 = Debug|Any CPU
		{42A0B89A-865F-41FE-BF80-B1473970C973}.Release|Any CPU.ActiveCfg = Release|Any CPU
		{42A0B89A-865F-41FE-BF80-B1473970C973}.Release|Any CPU.Build.0 = Release|Any CPU
	EndGlobalSection
	GlobalSection(SolutionProperties) = preSolution
		HideSolutionNode = FALSE
	EndGlobalSection
	GlobalSection(ExtensibilityGlobals) = postSolution
		SolutionGuid = {B922D66B-4F9A-418D-9457-579408FC83FC}
	EndGlobalSection
EndGlobal
